
Microsoft Visual Studio Solution File, Format Version 12.00
# Visual Studio Version 16
VisualStudioVersion = 16.0.31005.135
MinimumVisualStudioVersion = 10.0.40219.1
Project("{FAE04EC0-301F-11D3-BF4B-00C04F79EFBC}") = "ConsoleApp5", "ConsoleApp5\ConsoleApp5.csproj", "{D76FBFE1-7B3A-4A70-9307-E3F63E42EEB3}"
EndProject
Global
	GlobalSection(SolutionConfigurationPlatforms) = preSolution
		Debug|Any CPU = Debug|Any CPU
		Release|Any CPU = Release|Any CPU
	EndGlobalSection
	GlobalSection(ProjectConfigurationPlatforms) = postSolution
		{D76FBFE1-7B3A-4A70-9307-E3F63E42EEB3}.Debug|Any CPU.ActiveCfg = Debug|Any CPU
		{D76FBFE1-7B3A-4A70-9307-E3F63E42EEB3}.Debug|Any CPU.Build.0 = Debug|Any CPU
		{D76FBFE1-7B3A-4A70-9307-E3F63E42EEB3}.Release|Any CPU.ActiveCfg = Release|Any CPU
		{D76FBFE1-7B3A-4A70-9307-E3F63E42EEB3}.Release|Any CPU.Build.0 = Release|Any CPU
	EndGlobalSection
	GlobalSection(SolutionProperties) = preSolution
		HideSolutionNode = FALSE
	EndGlobalSection
	GlobalSection(ExtensibilityGlobals) = postSolution
		SolutionGuid = {005DC0C5-DBDF-47FA-8C77-D22F1ED77187}
	EndGlobalSection
EndGlobal
